
Microsoft Visual Studio Solution File, Format Version 12.00
# Visual Studio Version 17
VisualStudioVersion = 17.4.33205.214
MinimumVisualStudioVersion = 10.0.40219.1
Project("{FAE04EC0-301F-11D3-BF4B-00C04F79EFBC}") = "example-serilog-sinks-applicationinsights", "example-serilog-sinks-applicationinsights\example-serilog-sinks-applicationinsights.csproj", "{EAF9151D-6B10-44F7-A4EF-54D9E98B2CCF}"
EndProject
Global
	GlobalSection(SolutionConfigurationPlatforms) = preSolution
		Debug|Any CPU = Debug|Any CPU
		Release|Any CPU = Release|Any CPU
	EndGlobalSection
	GlobalSection(ProjectConfigurationPlatforms) = postSolution
		{EAF9151D-6B10-44F7-A4EF-54D9E98B2CCF}.Debug|Any CPU.ActiveCfg = Debug|Any CPU
		{EAF9151D-6B10-44F7-A4EF-54D9E98B2CCF}.Debug|Any CPU.Build.0 = Debug|Any CPU
		{EAF9151D-6B10-44F7-A4EF-54D9E98B2CCF}.Release|Any CPU.ActiveCfg = Release|Any CPU
		{EAF9151D-6B10-44F7-A4EF-54D9E98B2CCF}.Release|Any CPU.Build.0 = Release|Any CPU
	EndGlobalSection
	GlobalSection(SolutionProperties) = preSolution
		HideSolutionNode = FALSE
	EndGlobalSection
	GlobalSection(ExtensibilityGlobals) = postSolution
		SolutionGuid = {12A07282-7861-4CE0-9EED-6064C8BD3D3B}
	EndGlobalSection
EndGlobal
